
Microsoft Visual Studio Solution File, Format Version 12.00
# Visual Studio Version 16
VisualStudioVersion = 16.0.29509.3
MinimumVisualStudioVersion = 10.0.40219.1
Project("{2150E333-8FDC-42A3-9474-1A3956D46DE8}") = "Microservices", "Microservices", "{8BC4FF18-6B7D-4AF1-BA13-3DADC0BCC0D9}"
EndProject
Project("{2150E333-8FDC-42A3-9474-1A3956D46DE8}") = "Domain", "Domain", "{E6EA0657-BFB1-44D4-88CD-F89E329C8724}"
EndProject
Project("{2150E333-8FDC-42A3-9474-1A3956D46DE8}") = "Infra.bus", "Infra.bus", "{A41BD33D-CEF8-4810-A75F-C3F5F490A6EB}"
EndProject
Project("{2150E333-8FDC-42A3-9474-1A3956D46DE8}") = "Infra.IoC", "Infra.IoC", "{3A316A37-B555-491E-B444-25C029218552}"
EndProject
Project("{2150E333-8FDC-42A3-9474-1A3956D46DE8}") = "Presentation", "Presentation", "{BC6C444F-7F23-42B0-A741-991D6C9BE084}"
EndProject
Project("{FAE04EC0-301F-11D3-BF4B-00C04F79EFBC}") = "MicroRabbit.Domain.Core", "MicroRabbit.Domain.Core\MicroRabbit.Domain.Core.csproj", "{D31F61D6-0AE6-4521-88BE-03FCCBFE3C7F}"
EndProject
Project("{FAE04EC0-301F-11D3-BF4B-00C04F79EFBC}") = "MicroRabbit.Infra.Bus", "MicroRabbit.Infra.Bus\MicroRabbit.Infra.Bus.csproj", "{5C149AB6-EAC3-4819-B454-57471DAC5C93}"
EndProject
Global
	GlobalSection(SolutionConfigurationPlatforms) = preSolution
		Debug|Any CPU = Debug|Any CPU
		Release|Any CPU = Release|Any CPU
	EndGlobalSection
	GlobalSection(ProjectConfigurationPlatforms) = postSolution
		{D31F61D6-0AE6-4521-88BE-03FCCBFE3C7F}.Debug|Any CPU.ActiveCfg = Debug|Any CPU
		{D31F61D6-0AE6-4521-88BE-03FCCBFE3C7F}.Debug|Any CPU.Build.0 = Debug|Any CPU
		{D31F61D6-0AE6-4521-88BE-03FCCBFE3C7F}.Release|Any CPU.ActiveCfg = Release|Any CPU
		{D31F61D6-0AE6-4521-88BE-03FCCBFE3C7F}.Release|Any CPU.Build.0 = Release|Any CPU
		{5C149AB6-EAC3-4819-B454-57471DAC5C93}.Debug|Any CPU.ActiveCfg = Debug|Any CPU
		{5C149AB6-EAC3-4819-B454-57471DAC5C93}.Debug|Any CPU.Build.0 = Debug|Any CPU
		{5C149AB6-EAC3-4819-B454-57471DAC5C93}.Release|Any CPU.ActiveCfg = Release|Any CPU
		{5C149AB6-EAC3-4819-B454-57471DAC5C93}.Release|Any CPU.Build.0 = Release|Any CPU
	EndGlobalSection
	GlobalSection(SolutionProperties) = preSolution
		HideSolutionNode = FALSE
	EndGlobalSection
	GlobalSection(NestedProjects) = preSolution
		{D31F61D6-0AE6-4521-88BE-03FCCBFE3C7F} = {E6EA0657-BFB1-44D4-88CD-F89E329C8724}
		{5C149AB6-EAC3-4819-B454-57471DAC5C93} = {A41BD33D-CEF8-4810-A75F-C3F5F490A6EB}
	EndGlobalSection
	GlobalSection(ExtensibilityGlobals) = postSolution
		SolutionGuid = {E24C26D2-EFC6-4E2E-8E00-D16C949CD74D}
	EndGlobalSection
EndGlobal
