
Microsoft Visual Studio Solution File, Format Version 12.00
# Visual Studio Version 16
VisualStudioVersion = 16.0.29509.3
MinimumVisualStudioVersion = 10.0.40219.1
Project("{2150E333-8FDC-42A3-9474-1A3956D46DE8}") = "Microservices", "Microservices", "{8BC4FF18-6B7D-4AF1-BA13-3DADC0BCC0D9}"
EndProject
Project("{2150E333-8FDC-42A3-9474-1A3956D46DE8}") = "Domain", "Domain", "{E6EA0657-BFB1-44D4-88CD-F89E329C8724}"
EndProject
Project("{2150E333-8FDC-42A3-9474-1A3956D46DE8}") = "Infra.bus", "Infra.bus", "{A41BD33D-CEF8-4810-A75F-C3F5F490A6EB}"
EndProject
Project("{2150E333-8FDC-42A3-9474-1A3956D46DE8}") = "Infra.IoC", "Infra.IoC", "{3A316A37-B555-491E-B444-25C029218552}"
EndProject
Project("{2150E333-8FDC-42A3-9474-1A3956D46DE8}") = "Presentation", "Presentation", "{BC6C444F-7F23-42B0-A741-991D6C9BE084}"
EndProject
Project("{FAE04EC0-301F-11D3-BF4B-00C04F79EFBC}") = "MicroRabbit.Domain.Core", "MicroRabbit.Domain.Core\MicroRabbit.Domain.Core.csproj", "{D31F61D6-0AE6-4521-88BE-03FCCBFE3C7F}"
EndProject
Project("{FAE04EC0-301F-11D3-BF4B-00C04F79EFBC}") = "MicroRabbit.Infra.Bus", "MicroRabbit.Infra.Bus\MicroRabbit.Infra.Bus.csproj", "{5C149AB6-EAC3-4819-B454-57471DAC5C93}"
EndProject
Project("{FAE04EC0-301F-11D3-BF4B-00C04F79EFBC}") = "MicroRabbit.Infra.IoC", "MicroRabbit.Infra.IoC\MicroRabbit.Infra.IoC.csproj", "{34C3D5E5-D2C2-4816-98D5-158725586F97}"
EndProject
Project("{2150E333-8FDC-42A3-9474-1A3956D46DE8}") = "Banking", "Banking", "{0ABF472A-8589-4641-85A1-B923A7D62B5D}"
EndProject
Project("{2150E333-8FDC-42A3-9474-1A3956D46DE8}") = "Api", "Api", "{2584E102-BB31-4906-8F47-B92C7AC6FA69}"
EndProject
Project("{2150E333-8FDC-42A3-9474-1A3956D46DE8}") = "Domain", "Domain", "{128F7A6D-2B2E-4910-8D1A-96D569730123}"
EndProject
Project("{2150E333-8FDC-42A3-9474-1A3956D46DE8}") = "Application", "Application", "{D53DCDD9-B2E0-40B7-A1A1-BE19800C9669}"
EndProject
Project("{2150E333-8FDC-42A3-9474-1A3956D46DE8}") = "Data", "Data", "{36873A97-F816-4AE9-B0D6-9D2EB9C9678C}"
EndProject
Project("{FAE04EC0-301F-11D3-BF4B-00C04F79EFBC}") = "MicroRabbit.Banking.Api", "MicroRabbit.Banking.Api\MicroRabbit.Banking.Api.csproj", "{8BE43919-B64C-4DB0-A009-48188D699E9C}"
EndProject
Project("{FAE04EC0-301F-11D3-BF4B-00C04F79EFBC}") = "MicroRabbit.Banking.Application", "MicroRabbit.Banking.Application\MicroRabbit.Banking.Application.csproj", "{B52DA370-BFF8-4973-931B-C80A254BDC30}"
EndProject
Project("{FAE04EC0-301F-11D3-BF4B-00C04F79EFBC}") = "MicroRabbit.Banking.Data", "MicroRabbit.Banking.Data\MicroRabbit.Banking.Data.csproj", "{385E67EC-ABAA-42BD-9910-62ECD22685CE}"
EndProject
Project("{FAE04EC0-301F-11D3-BF4B-00C04F79EFBC}") = "MicroRabbit.Banking.Domain", "MicroRabbit.Banking.Domain\MicroRabbit.Banking.Domain.csproj", "{C1D34822-B971-48C3-8DCD-C0F965BEC324}"
EndProject
Global
	GlobalSection(SolutionConfigurationPlatforms) = preSolution
		Debug|Any CPU = Debug|Any CPU
		Release|Any CPU = Release|Any CPU
	EndGlobalSection
	GlobalSection(ProjectConfigurationPlatforms) = postSolution
		{D31F61D6-0AE6-4521-88BE-03FCCBFE3C7F}.Debug|Any CPU.ActiveCfg = Debug|Any CPU
		{D31F61D6-0AE6-4521-88BE-03FCCBFE3C7F}.Debug|Any CPU.Build.0 = Debug|Any CPU
		{D31F61D6-0AE6-4521-88BE-03FCCBFE3C7F}.Release|Any CPU.ActiveCfg = Release|Any CPU
		{D31F61D6-0AE6-4521-88BE-03FCCBFE3C7F}.Release|Any CPU.Build.0 = Release|Any CPU
		{5C149AB6-EAC3-4819-B454-57471DAC5C93}.Debug|Any CPU.ActiveCfg = Debug|Any CPU
		{5C149AB6-EAC3-4819-B454-57471DAC5C93}.Debug|Any CPU.Build.0 = Debug|Any CPU
		{5C149AB6-EAC3-4819-B454-57471DAC5C93}.Release|Any CPU.ActiveCfg = Release|Any CPU
		{5C149AB6-EAC3-4819-B454-57471DAC5C93}.Release|Any CPU.Build.0 = Release|Any CPU
		{34C3D5E5-D2C2-4816-98D5-158725586F97}.Debug|Any CPU.ActiveCfg = Debug|Any CPU
		{34C3D5E5-D2C2-4816-98D5-158725586F97}.Debug|Any CPU.Build.0 = Debug|Any CPU
		{34C3D5E5-D2C2-4816-98D5-158725586F97}.Release|Any CPU.ActiveCfg = Release|Any CPU
		{34C3D5E5-D2C2-4816-98D5-158725586F97}.Release|Any CPU.Build.0 = Release|Any CPU
		{8BE43919-B64C-4DB0-A009-48188D699E9C}.Debug|Any CPU.ActiveCfg = Debug|Any CPU
		{8BE43919-B64C-4DB0-A009-48188D699E9C}.Debug|Any CPU.Build.0 = Debug|Any CPU
		{8BE43919-B64C-4DB0-A009-48188D699E9C}.Release|Any CPU.ActiveCfg = Release|Any CPU
		{8BE43919-B64C-4DB0-A009-48188D699E9C}.Release|Any CPU.Build.0 = Release|Any CPU
		{B52DA370-BFF8-4973-931B-C80A254BDC30}.Debug|Any CPU.ActiveCfg = Debug|Any CPU
		{B52DA370-BFF8-4973-931B-C80A254BDC30}.Debug|Any CPU.Build.0 = Debug|Any CPU
		{B52DA370-BFF8-4973-931B-C80A254BDC30}.Release|Any CPU.ActiveCfg = Release|Any CPU
		{B52DA370-BFF8-4973-931B-C80A254BDC30}.Release|Any CPU.Build.0 = Release|Any CPU
		{385E67EC-ABAA-42BD-9910-62ECD22685CE}.Debug|Any CPU.ActiveCfg = Debug|Any CPU
		{385E67EC-ABAA-42BD-9910-62ECD22685CE}.Debug|Any CPU.Build.0 = Debug|Any CPU
		{385E67EC-ABAA-42BD-9910-62ECD22685CE}.Release|Any CPU.ActiveCfg = Release|Any CPU
		{385E67EC-ABAA-42BD-9910-62ECD22685CE}.Release|Any CPU.Build.0 = Release|Any CPU
		{C1D34822-B971-48C3-8DCD-C0F965BEC324}.Debug|Any CPU.ActiveCfg = Debug|Any CPU
		{C1D34822-B971-48C3-8DCD-C0F965BEC324}.Debug|Any CPU.Build.0 = Debug|Any CPU
		{C1D34822-B971-48C3-8DCD-C0F965BEC324}.Release|Any CPU.ActiveCfg = Release|Any CPU
		{C1D34822-B971-48C3-8DCD-C0F965BEC324}.Release|Any CPU.Build.0 = Release|Any CPU
	EndGlobalSection
	GlobalSection(SolutionProperties) = preSolution
		HideSolutionNode = FALSE
	EndGlobalSection
	GlobalSection(NestedProjects) = preSolution
		{D31F61D6-0AE6-4521-88BE-03FCCBFE3C7F} = {E6EA0657-BFB1-44D4-88CD-F89E329C8724}
		{5C149AB6-EAC3-4819-B454-57471DAC5C93} = {A41BD33D-CEF8-4810-A75F-C3F5F490A6EB}
		{34C3D5E5-D2C2-4816-98D5-158725586F97} = {3A316A37-B555-491E-B444-25C029218552}
		{0ABF472A-8589-4641-85A1-B923A7D62B5D} = {8BC4FF18-6B7D-4AF1-BA13-3DADC0BCC0D9}
		{2584E102-BB31-4906-8F47-B92C7AC6FA69} = {0ABF472A-8589-4641-85A1-B923A7D62B5D}
		{128F7A6D-2B2E-4910-8D1A-96D569730123} = {0ABF472A-8589-4641-85A1-B923A7D62B5D}
		{D53DCDD9-B2E0-40B7-A1A1-BE19800C9669} = {0ABF472A-8589-4641-85A1-B923A7D62B5D}
		{36873A97-F816-4AE9-B0D6-9D2EB9C9678C} = {0ABF472A-8589-4641-85A1-B923A7D62B5D}
		{8BE43919-B64C-4DB0-A009-48188D699E9C} = {2584E102-BB31-4906-8F47-B92C7AC6FA69}
		{B52DA370-BFF8-4973-931B-C80A254BDC30} = {D53DCDD9-B2E0-40B7-A1A1-BE19800C9669}
		{385E67EC-ABAA-42BD-9910-62ECD22685CE} = {36873A97-F816-4AE9-B0D6-9D2EB9C9678C}
		{C1D34822-B971-48C3-8DCD-C0F965BEC324} = {128F7A6D-2B2E-4910-8D1A-96D569730123}
	EndGlobalSection
	GlobalSection(ExtensibilityGlobals) = postSolution
		SolutionGuid = {E24C26D2-EFC6-4E2E-8E00-D16C949CD74D}
	EndGlobalSection
EndGlobal
